// !$*UTF8*$!
{
	archiveVersion = 1;
	classes = {
	};
	objectVersion = 48;
	objects = {

/* Begin PBXBuildFile section */
		DCF9F13E1F875BA700EB422B /* AppDelegate.swift in Sources */ = {isa = PBXBuildFile; fileRef = DCF9F13D1F875BA700EB422B /* AppDelegate.swift */; };
		DCF9F1401F875BA700EB422B /* ViewController.swift in Sources */ = {isa = PBXBuildFile; fileRef = DCF9F13F1F875BA700EB422B /* ViewController.swift */; };
		DCF9F1431F875BA700EB422B /* Main.storyboard in Resources */ = {isa = PBXBuildFile; fileRef = DCF9F1411F875BA700EB422B /* Main.storyboard */; };
		DCF9F1451F875BA700EB422B /* Assets.xcassets in Resources */ = {isa = PBXBuildFile; fileRef = DCF9F1441F875BA700EB422B /* Assets.xcassets */; };
		DCF9F1481F875BA700EB422B /* LaunchScreen.storyboard in Resources */ = {isa = PBXBuildFile; fileRef = DCF9F1461F875BA700EB422B /* LaunchScreen.storyboard */; };
		DCF9F1511F875C3700EB422B /* SegueHandler.swift in Sources */ = {isa = PBXBuildFile; fileRef = DCF9F1501F875C3700EB422B /* SegueHandler.swift */; };
/* End PBXBuildFile section */

/* Begin PBXFileReference section */
		DCF9F13A1F875BA700EB422B /* ExtensionSegue.app */ = {isa = PBXFileReference; explicitFileType = wrapper.application; includeInIndex = 0; path = ExtensionSegue.app; sourceTree = BUILT_PRODUCTS_DIR; };
		DCF9F13D1F875BA700EB422B /* AppDelegate.swift */ = {isa = PBXFileReference; lastKnownFileType = sourcecode.swift; path = AppDelegate.swift; sourceTree = "<group>"; };
		DCF9F13F1F875BA700EB422B /* ViewController.swift */ = {isa = PBXFileReference; lastKnownFileType = sourcecode.swift; path = ViewController.swift; sourceTree = "<group>"; };
		DCF9F1421F875BA700EB422B /* Base */ = {isa = PBXFileReference; lastKnownFileType = file.storyboard; name = Base; path = Base.lproj/Main.storyboard; sourceTree = "<group>"; };
		DCF9F1441F875BA700EB422B /* Assets.xcassets */ = {isa = PBXFileReference; lastKnownFileType = folder.assetcatalog; path = Assets.xcassets; sourceTree = "<group>"; };
		DCF9F1471F875BA700EB422B /* Base */ = {isa = PBXFileReference; lastKnownFileType = file.storyboard; name = Base; path = Base.lproj/LaunchScreen.storyboard; sourceTree = "<group>"; };
		DCF9F1491F875BA700EB422B /* Info.plist */ = {isa = PBXFileReference; lastKnownFileType = text.plist.xml; path = Info.plist; sourceTree = "<group>"; };
		DCF9F1501F875C3700EB422B /* SegueHandler.swift */ = {isa = PBXFileReference; lastKnownFileType = sourcecode.swift; path = SegueHandler.swift; sourceTree = "<group>"; };
/* End PBXFileReference section */

/* Begin PBXFrameworksBuildPhase section */
		DCF9F1371F875BA700EB422B /* Frameworks */ = {
			isa = PBXFrameworksBuildPhase;
			buildActionMask = 2147483647;
			files = (
			);
			runOnlyForDeploymentPostprocessing = 0;
		};
/* End PBXFrameworksBuildPhase section */

/* Begin PBXGroup section */
		DCF9F1311F875BA700EB422B = {
			isa = PBXGroup;
			children = (
				DCF9F13C1F875BA700EB422B /* ExtensionSegue */,
				DCF9F13B1F875BA700EB422B /* Products */,
			);
			sourceTree = "<group>";
		};
		DCF9F13B1F875BA700EB422B /* Products */ = {
			isa = PBXGroup;
			children = (
				DCF9F13A1F875BA700EB422B /* ExtensionSegue.app */,
			);
			name = Products;
			sourceTree = "<group>";
		};
		DCF9F13C1F875BA700EB422B /* ExtensionSegue */ = {
			isa = PBXGroup;
			children = (
				DCF9F14F1F875C0C00EB422B /* Extensions */,
				DCF9F13D1F875BA700EB422B /* AppDelegate.swift */,
				DCF9F13F1F875BA700EB422B /* ViewController.swift */,
				DCF9F1411F875BA700EB422B /* Main.storyboard */,
				DCF9F1441F875BA700EB422B /* Assets.xcassets */,
				DCF9F1461F875BA700EB422B /* LaunchScreen.storyboard */,
				DCF9F1491F875BA700EB422B /* Info.plist */,
			);
			path = ExtensionSegue;
			sourceTree = "<group>";
		};
		DCF9F14F1F875C0C00EB422B /* Extensions */ = {
			isa = PBXGroup;
			children = (
				DCF9F1501F875C3700EB422B /* SegueHandler.swift */,
			);
			path = Extensions;
			sourceTree = "<group>";
		};
/* End PBXGroup section */

/* Begin PBXNativeTarget section */
		DCF9F1391F875BA700EB422B /* ExtensionSegue */ = {
			isa = PBXNativeTarget;
			buildConfigurationList = DCF9F14C1F875BA700EB422B /* Build configuration list for PBXNativeTarget "ExtensionSegue" */;
			buildPhases = (
				DCF9F1361F875BA700EB422B /* Sources */,
				DCF9F1371F875BA700EB422B /* Frameworks */,
				DCF9F1381F875BA700EB422B /* Resources */,
			);
			buildRules = (
			);
			dependencies = (
			);
			name = ExtensionSegue;
			productName = ExtensionSegue;
			productReference = DCF9F13A1F875BA700EB422B /* ExtensionSegue.app */;
			productType = "com.apple.product-type.application";
		};
/* End PBXNativeTarget section */

/* Begin PBXProject section */
		DCF9F1321F875BA700EB422B /* Project object */ = {
			isa = PBXProject;
			attributes = {
				LastSwiftUpdateCheck = 0900;
				LastUpgradeCheck = 0900;
				ORGANIZATIONNAME = "Bao Nguyen";
				TargetAttributes = {
					DCF9F1391F875BA700EB422B = {
						CreatedOnToolsVersion = 9.0;
						ProvisioningStyle = Automatic;
					};
				};
			};
			buildConfigurationList = DCF9F1351F875BA700EB422B /* Build configuration list for PBXProject "ExtensionSegue" */;
			compatibilityVersion = "Xcode 8.0";
			developmentRegion = en;
			hasScannedForEncodings = 0;
			knownRegions = (
				en,
				Base,
			);
			mainGroup = DCF9F1311F875BA700EB422B;
			productRefGroup = DCF9F13B1F875BA700EB422B /* Products */;
			projectDirPath = "";
			projectRoot = "";
			targets = (
				DCF9F1391F875BA700EB422B /* ExtensionSegue */,
			);
		};
/* End PBXProject section */

/* Begin PBXResourcesBuildPhase section */
		DCF9F1381F875BA700EB422B /* Resources */ = {
			isa = PBXResourcesBuildPhase;
			buildActionMask = 2147483647;
			files = (
				DCF9F1481F875BA700EB422B /* LaunchScreen.storyboard in Resources */,
				DCF9F1451F875BA700EB422B /* Assets.xcassets in Resources */,
				DCF9F1431F875BA700EB422B /* Main.storyboard in Resources */,
			);
			runOnlyForDeploymentPostprocessing = 0;
		};
/* End PBXResourcesBuildPhase section */

/* Begin PBXSourcesBuildPhase section */
		DCF9F1361F875BA700EB422B /* Sources */ = {
			isa = PBXSourcesBuildPhase;
			buildActionMask = 2147483647;
			files = (
				DCF9F1511F875C3700EB422B /* SegueHandler.swift in Sources */,
				DCF9F1401F875BA700EB422B /* ViewController.swift in Sources */,
				DCF9F13E1F875BA700EB422B /* AppDelegate.swift in Sources */,
			);
			runOnlyForDeploymentPostprocessing = 0;
		};
/* End PBXSourcesBuildPhase section */

/* Begin PBXVariantGroup section */
		DCF9F1411F875BA700EB422B /* Main.storyboard */ = {
			isa = PBXVariantGroup;
			children = (
				DCF9F1421F875BA700EB422B /* Base */,
			);
			name = Main.storyboard;
			sourceTree = "<group>";
		};
		DCF9F1461F875BA700EB422B /* LaunchScreen.storyboard */ = {
			isa = PBXVariantGroup;
			children = (
				DCF9F1471F875BA700EB422B /* Base */,
			);
			name = LaunchScreen.storyboard;
			sourceTree = "<group>";
		};
/* End PBXVariantGroup section */

/* Begin XCBuildConfiguration section */
		DCF9F14A1F875BA700EB422B /* Debug */ = {
			isa = XCBuildConfiguration;
			buildSettings = {
				ALWAYS_SEARCH_USER_PATHS = NO;
				CLANG_ANALYZER_NONNULL = YES;
				CLANG_ANALYZER_NUMBER_OBJECT_CONVERSION = YES_AGGRESSIVE;
				CLANG_CXX_LANGUAGE_STANDARD = "gnu++14";
				CLANG_CXX_LIBRARY = "libc++";
				CLANG_ENABLE_MODULES = YES;
				CLANG_ENABLE_OBJC_ARC = YES;
				CLANG_WARN_BLOCK_CAPTURE_AUTORELEASING = YES;
				CLANG_WARN_BOOL_CONVERSION = YES;
				CLANG_WARN_COMMA = YES;
				CLANG_WARN_CONSTANT_CONVERSION = YES;
				CLANG_WARN_DIRECT_OBJC_ISA_USAGE = YES_ERROR;
				CLANG_WARN_DOCUMENTATION_COMMENTS = YES;
				CLANG_WARN_EMPTY_BODY = YES;
				CLANG_WARN_ENUM_CONVERSION = YES;
				CLANG_WARN_INFINITE_RECURSION = YES;
				CLANG_WARN_INT_CONVERSION = YES;
				CLANG_WARN_NON_LITERAL_NULL_CONVERSION = YES;
				CLANG_WARN_OBJC_LITERAL_CONVERSION = YES;
				CLANG_WARN_OBJC_ROOT_CLASS = YES_ERROR;
				CLANG_WARN_RANGE_LOOP_ANALYSIS = YES;
				CLANG_WARN_STRICT_PROTOTYPES = YES;
				CLANG_WARN_SUSPICIOUS_MOVE = YES;
				CLANG_WARN_UNGUARDED_AVAILABILITY = YES_AGGRESSIVE;
				CLANG_WARN_UNREACHABLE_CODE = YES;
				CLANG_WARN__DUPLICATE_METHOD_MATCH = YES;
				CODE_SIGN_IDENTITY = "iPhone Developer";
				COPY_PHASE_STRIP = NO;
				DEBUG_INFORMATION_FORMAT = dwarf;
				ENABLE_STRICT_OBJC_MSGSEND = YES;
				ENABLE_TESTABILITY = YES;
				GCC_C_LANGUAGE_STANDARD = gnu11;
				GCC_DYNAMIC_NO_PIC = NO;
				GCC_NO_COMMON_BLOCKS = YES;
				GCC_OPTIMIZATION_LEVEL = 0;
				GCC_PREPROCESSOR_DEFINITIONS = (
					"DEBUG=1",
					"$(inherited)",
				);
				GCC_WARN_64_TO_32_BIT_CONVERSION = YES;
				GCC_WARN_ABOUT_RETURN_TYPE = YES_ERROR;
				GCC_WARN_UNDECLARED_SELECTOR = YES;
				GCC_WARN_UNINITIALIZED_AUTOS = YES_AGGRESSIVE;
				GCC_WARN_UNUSED_FUNCTION = YES;
				GCC_WARN_UNUSED_VARIABLE = YES;
				IPHONEOS_DEPLOYMENT_TARGET = 11.0;
				MTL_ENABLE_DEBUG_INFO = YES;
				ONLY_ACTIVE_ARCH = YES;
				SDKROOT = iphoneos;
				SWIFT_ACTIVE_COMPILATION_CONDITIONS = DEBUG;
				SWIFT_OPTIMIZATION_LEVEL = "-Onone";
			};
			name = Debug;
		};
		DCF9F14B1F875BA700EB422B /* Release */ = {
			isa = XCBuildConfiguration;
			buildSettings = {
				ALWAYS_SEARCH_USER_PATHS = NO;
				CLANG_ANALYZER_NONNULL = YES;
				CLANG_ANALYZER_NUMBER_OBJECT_CONVERSION = YES_AGGRESSIVE;
				CLANG_CXX_LANGUAGE_STANDARD = "gnu++14";
				CLANG_CXX_LIBRARY = "libc++";
				CLANG_ENABLE_MODULES = YES;
				CLANG_ENABLE_OBJC_ARC = YES;
				CLANG_WARN_BLOCK_CAPTURE_AUTORELEASING = YES;
				CLANG_WARN_BOOL_CONVERSION = YES;
				CLANG_WARN_COMMA = YES;
				CLANG_WARN_CONSTANT_CONVERSION = YES;
				CLANG_WARN_DIRECT_OBJC_ISA_USAGE = YES_ERROR;
				CLANG_WARN_DOCUMENTATION_COMMENTS = YES;
				CLANG_WARN_EMPTY_BODY = YES;
				CLANG_WARN_ENUM_CONVERSION = YES;
				CLANG_WARN_INFINITE_RECURSION = YES;
				CLANG_WARN_INT_CONVERSION = YES;
				CLANG_WARN_NON_LITERAL_NULL_CONVERSION = YES;
				CLANG_WARN_OBJC_LITERAL_CONVERSION = YES;
				CLANG_WARN_OBJC_ROOT_CLASS = YES_ERROR;
				CLANG_WARN_RANGE_LOOP_ANALYSIS = YES;
				CLANG_WARN_STRICT_PROTOTYPES = YES;
				CLANG_WARN_SUSPICIOUS_MOVE = YES;
				CLANG_WARN_UNGUARDED_AVAILABILITY = YES_AGGRESSIVE;
				CLANG_WARN_UNREACHABLE_CODE = YES;
				CLANG_WARN__DUPLICATE_METHOD_MATCH = YES;
				CODE_SIGN_IDENTITY = "iPhone Developer";
				COPY_PHASE_STRIP = NO;
				DEBUG_INFORMATION_FORMAT = "dwarf-with-dsym";
				ENABLE_NS_ASSERTIONS = NO;
				ENABLE_STRICT_OBJC_MSGSEND = YES;
				GCC_C_LANGUAGE_STANDARD = gnu11;
				GCC_NO_COMMON_BLOCKS = YES;
				GCC_WARN_64_TO_32_BIT_CONVERSION = YES;
				GCC_WARN_ABOUT_RETURN_TYPE = YES_ERROR;
				GCC_WARN_UNDECLARED_SELECTOR = YES;
				GCC_WARN_UNINITIALIZED_AUTOS = YES_AGGRESSIVE;
				GCC_WARN_UNUSED_FUNCTION = YES;
				GCC_WARN_UNUSED_VARIABLE = YES;
				IPHONEOS_DEPLOYMENT_TARGET = 11.0;
				MTL_ENABLE_DEBUG_INFO = NO;
				SDKROOT = iphoneos;
				SWIFT_OPTIMIZATION_LEVEL = "-Owholemodule";
				VALIDATE_PRODUCT = YES;
			};
			name = Release;
		};
		DCF9F14D1F875BA700EB422B /* Debug */ = {
			isa = XCBuildConfiguration;
			buildSettings = {
				ASSETCATALOG_COMPILER_APPICON_NAME = AppIcon;
				CODE_SIGN_STYLE = Automatic;
				DEVELOPMENT_TEAM = MK2N7RD69E;
				INFOPLIST_FILE = ExtensionSegue/Info.plist;
				IPHONEOS_DEPLOYMENT_TARGET = 9.0;
				LD_RUNPATH_SEARCH_PATHS = "$(inherited) @executable_path/Frameworks";
				PRODUCT_BUNDLE_IDENTIFIER = com.baon.ExtensionSegue;
				PRODUCT_NAME = "$(TARGET_NAME)";
				SWIFT_VERSION = 4.0;
				TARGETED_DEVICE_FAMILY = "1,2";
			};
			name = Debug;
		};
		DCF9F14E1F875BA700EB422B /* Release */ = {
			isa = XCBuildConfiguration;
			buildSettings = {
				ASSETCATALOG_COMPILER_APPICON_NAME = AppIcon;
				CODE_SIGN_STYLE = Automatic;
				DEVELOPMENT_TEAM = MK2N7RD69E;
				INFOPLIST_FILE = ExtensionSegue/Info.plist;
				IPHONEOS_DEPLOYMENT_TARGET = 9.0;
				LD_RUNPATH_SEARCH_PATHS = "$(inherited) @executable_path/Frameworks";
				PRODUCT_BUNDLE_IDENTIFIER = com.baon.ExtensionSegue;
				PRODUCT_NAME = "$(TARGET_NAME)";
				SWIFT_VERSION = 4.0;
				TARGETED_DEVICE_FAMILY = "1,2";
			};
			name = Release;
		};
/* End XCBuildConfiguration section */

/* Begin XCConfigurationList section */
		DCF9F1351F875BA700EB422B /* Build configuration list for PBXProject "ExtensionSegue" */ = {
			isa = XCConfigurationList;
			buildConfigurations = (
				DCF9F14A1F875BA700EB422B /* Debug */,
				DCF9F14B1F875BA700EB422B /* Release */,
			);
			defaultConfigurationIsVisible = 0;
			defaultConfigurationName = Release;
		};
		DCF9F14C1F875BA700EB422B /* Build configuration list for PBXNativeTarget "ExtensionSegue" */ = {
			isa = XCConfigurationList;
			buildConfigurations = (
				DCF9F14D1F875BA700EB422B /* Debug */,
				DCF9F14E1F875BA700EB422B /* Release */,
			);
			defaultConfigurationIsVisible = 0;
			defaultConfigurationName = Release;
		};
/* End XCConfigurationList section */
	};
	rootObject = DCF9F1321F875BA700EB422B /* Project object */;
}
